
Microsoft Visual Studio Solution File, Format Version 12.00
# Visual Studio Version 17
VisualStudioVersion = 17.7.34031.279
MinimumVisualStudioVersion = 10.0.40219.1
Project("{FAE04EC0-301F-11D3-BF4B-00C04F79EFBC}") = "Week14OOP", "Week14OOP\Week14OOP.csproj", "{2D5258B6-59E9-4812-A6F1-52898B5EC190}"
EndProject
Project("{FAE04EC0-301F-11D3-BF4B-00C04F79EFBC}") = "Week14OOPCat", "Week14OOPCat\Week14OOPCat.csproj", "{EF3113DD-8BEB-4AF2-B55C-6BF6779593FD}"
EndProject
Global
	GlobalSection(SolutionConfigurationPlatforms) = preSolution
		Debug|Any CPU = Debug|Any CPU
		Release|Any CPU = Release|Any CPU
	EndGlobalSection
	GlobalSection(ProjectConfigurationPlatforms) = postSolution
		{2D5258B6-59E9-4812-A6F1-52898B5EC190}.Debug|Any CPU.ActiveCfg = Debug|Any CPU
		{2D5258B6-59E9-4812-A6F1-52898B5EC190}.Debug|Any CPU.Build.0 = Debug|Any CPU
		{2D5258B6-59E9-4812-A6F1-52898B5EC190}.Release|Any CPU.ActiveCfg = Release|Any CPU
		{2D5258B6-59E9-4812-A6F1-52898B5EC190}.Release|Any CPU.Build.0 = Release|Any CPU
		{EF3113DD-8BEB-4AF2-B55C-6BF6779593FD}.Debug|Any CPU.ActiveCfg = Debug|Any CPU
		{EF3113DD-8BEB-4AF2-B55C-6BF6779593FD}.Debug|Any CPU.Build.0 = Debug|Any CPU
		{EF3113DD-8BEB-4AF2-B55C-6BF6779593FD}.Release|Any CPU.ActiveCfg = Release|Any CPU
		{EF3113DD-8BEB-4AF2-B55C-6BF6779593FD}.Release|Any CPU.Build.0 = Release|Any CPU
	EndGlobalSection
	GlobalSection(SolutionProperties) = preSolution
		HideSolutionNode = FALSE
	EndGlobalSection
	GlobalSection(ExtensibilityGlobals) = postSolution
		SolutionGuid = {710789C5-E495-43F6-99C3-A7542622AEE6}
	EndGlobalSection
EndGlobal
